
Microsoft Visual Studio Solution File, Format Version 12.00
# Visual Studio Version 17
VisualStudioVersion = 17.1.32328.378
MinimumVisualStudioVersion = 10.0.40219.1
Project("{8BC9CEB8-8B4A-11D0-8D11-00A0C91BC942}") = "WinBeans", "WinBeans\WinBeans.vcxproj", "{3F9F97BE-CAA3-4608-B7D3-41E21D28F8AF}"
EndProject
Global
	GlobalSection(SolutionConfigurationPlatforms) = preSolution
		Debug|x64 = Debug|x64
		Debug|x86 = Debug|x86
		Release|x64 = Release|x64
		Release|x86 = Release|x86
	EndGlobalSection
	GlobalSection(ProjectConfigurationPlatforms) = postSolution
		{3F9F97BE-CAA3-4608-B7D3-41E21D28F8AF}.Debug|x64.ActiveCfg = Debug|x64
		{3F9F97BE-CAA3-4608-B7D3-41E21D28F8AF}.Debug|x64.Build.0 = Debug|x64
		{3F9F97BE-CAA3-4608-B7D3-41E21D28F8AF}.Debug|x86.ActiveCfg = Debug|Win32
		{3F9F97BE-CAA3-4608-B7D3-41E21D28F8AF}.Debug|x86.Build.0 = Debug|Win32
		{3F9F97BE-CAA3-4608-B7D3-41E21D28F8AF}.Release|x64.ActiveCfg = Release|x64
		{3F9F97BE-CAA3-4608-B7D3-41E21D28F8AF}.Release|x64.Build.0 = Release|x64
		{3F9F97BE-CAA3-4608-B7D3-41E21D28F8AF}.Release|x86.ActiveCfg = Release|Win32
		{3F9F97BE-CAA3-4608-B7D3-41E21D28F8AF}.Release|x86.Build.0 = Release|Win32
	EndGlobalSection
	GlobalSection(SolutionProperties) = preSolution
		HideSolutionNode = FALSE
	EndGlobalSection
	GlobalSection(ExtensibilityGlobals) = postSolution
		SolutionGuid = {7F4F6EB7-DB22-4532-B606-83659F677A52}
	EndGlobalSection
EndGlobal
